// !$*UTF8*$!
{
	archiveVersion = 1;
	classes = {
	};
	objectVersion = 50;
	objects = {

/* Begin PBXBuildFile section */
		8498CAFD2086D58E000354C0 /* AppDelegate.m in Sources */ = {isa = PBXBuildFile; fileRef = 8498CAFC2086D58E000354C0 /* AppDelegate.m */; };
		8498CB002086D58E000354C0 /* ViewController.m in Sources */ = {isa = PBXBuildFile; fileRef = 8498CAFF2086D58E000354C0 /* ViewController.m */; };
		8498CB032086D58E000354C0 /* Main.storyboard in Resources */ = {isa = PBXBuildFile; fileRef = 8498CB012086D58E000354C0 /* Main.storyboard */; };
		8498CB052086D591000354C0 /* Assets.xcassets in Resources */ = {isa = PBXBuildFile; fileRef = 8498CB042086D591000354C0 /* Assets.xcassets */; };
		8498CB082086D591000354C0 /* LaunchScreen.storyboard in Resources */ = {isa = PBXBuildFile; fileRef = 8498CB062086D591000354C0 /* LaunchScreen.storyboard */; };
		8498CB0B2086D591000354C0 /* main.m in Sources */ = {isa = PBXBuildFile; fileRef = 8498CB0A2086D591000354C0 /* main.m */; };
		8498CB152086D591000354C0 /* sizeClassDemoTests.m in Sources */ = {isa = PBXBuildFile; fileRef = 8498CB142086D591000354C0 /* sizeClassDemoTests.m */; };
		8498CB202086D591000354C0 /* sizeClassDemoUITests.m in Sources */ = {isa = PBXBuildFile; fileRef = 8498CB1F2086D591000354C0 /* sizeClassDemoUITests.m */; };
		8498CB3220870EF2000354C0 /* UIView+JYWScreen.m in Sources */ = {isa = PBXBuildFile; fileRef = 8498CB3120870EF2000354C0 /* UIView+JYWScreen.m */; };
		8498CB3520871FBB000354C0 /* TestView.m in Sources */ = {isa = PBXBuildFile; fileRef = 8498CB3420871FBB000354C0 /* TestView.m */; };
		8498CB3B208839DB000354C0 /* TestCell.m in Sources */ = {isa = PBXBuildFile; fileRef = 8498CB3A208839DB000354C0 /* TestCell.m */; };
/* End PBXBuildFile section */

/* Begin PBXContainerItemProxy section */
		8498CB112086D591000354C0 /* PBXContainerItemProxy */ = {
			isa = PBXContainerItemProxy;
			containerPortal = 8498CAF02086D58D000354C0 /* Project object */;
			proxyType = 1;
			remoteGlobalIDString = 8498CAF72086D58D000354C0;
			remoteInfo = sizeClassDemo;
		};
		8498CB1C2086D591000354C0 /* PBXContainerItemProxy */ = {
			isa = PBXContainerItemProxy;
			containerPortal = 8498CAF02086D58D000354C0 /* Project object */;
			proxyType = 1;
			remoteGlobalIDString = 8498CAF72086D58D000354C0;
			remoteInfo = sizeClassDemo;
		};
/* End PBXContainerItemProxy section */

/* Begin PBXFileReference section */
		8498CAF82086D58D000354C0 /* sizeClassDemo.app */ = {isa = PBXFileReference; explicitFileType = wrapper.application; includeInIndex = 0; path = sizeClassDemo.app; sourceTree = BUILT_PRODUCTS_DIR; };
		8498CAFB2086D58E000354C0 /* AppDelegate.h */ = {isa = PBXFileReference; lastKnownFileType = sourcecode.c.h; path = AppDelegate.h; sourceTree = "<group>"; };
		8498CAFC2086D58E000354C0 /* AppDelegate.m */ = {isa = PBXFileReference; lastKnownFileType = sourcecode.c.objc; path = AppDelegate.m; sourceTree = "<group>"; };
		8498CAFE2086D58E000354C0 /* ViewController.h */ = {isa = PBXFileReference; lastKnownFileType = sourcecode.c.h; path = ViewController.h; sourceTree = "<group>"; };
		8498CAFF2086D58E000354C0 /* ViewController.m */ = {isa = PBXFileReference; lastKnownFileType = sourcecode.c.objc; path = ViewController.m; sourceTree = "<group>"; };
		8498CB022086D58E000354C0 /* Base */ = {isa = PBXFileReference; lastKnownFileType = file.storyboard; name = Base; path = Base.lproj/Main.storyboard; sourceTree = "<group>"; };
		8498CB042086D591000354C0 /* Assets.xcassets */ = {isa = PBXFileReference; lastKnownFileType = folder.assetcatalog; path = Assets.xcassets; sourceTree = "<group>"; };
		8498CB072086D591000354C0 /* Base */ = {isa = PBXFileReference; lastKnownFileType = file.storyboard; name = Base; path = Base.lproj/LaunchScreen.storyboard; sourceTree = "<group>"; };
		8498CB092086D591000354C0 /* Info.plist */ = {isa = PBXFileReference; lastKnownFileType = text.plist.xml; path = Info.plist; sourceTree = "<group>"; };
		8498CB0A2086D591000354C0 /* main.m */ = {isa = PBXFileReference; lastKnownFileType = sourcecode.c.objc; path = main.m; sourceTree = "<group>"; };
		8498CB102086D591000354C0 /* sizeClassDemoTests.xctest */ = {isa = PBXFileReference; explicitFileType = wrapper.cfbundle; includeInIndex = 0; path = sizeClassDemoTests.xctest; sourceTree = BUILT_PRODUCTS_DIR; };
		8498CB142086D591000354C0 /* sizeClassDemoTests.m */ = {isa = PBXFileReference; lastKnownFileType = sourcecode.c.objc; path = sizeClassDemoTests.m; sourceTree = "<group>"; };
		8498CB162086D591000354C0 /* Info.plist */ = {isa = PBXFileReference; lastKnownFileType = text.plist.xml; path = Info.plist; sourceTree = "<group>"; };
		8498CB1B2086D591000354C0 /* sizeClassDemoUITests.xctest */ = {isa = PBXFileReference; explicitFileType = wrapper.cfbundle; includeInIndex = 0; path = sizeClassDemoUITests.xctest; sourceTree = BUILT_PRODUCTS_DIR; };
		8498CB1F2086D591000354C0 /* sizeClassDemoUITests.m */ = {isa = PBXFileReference; lastKnownFileType = sourcecode.c.objc; path = sizeClassDemoUITests.m; sourceTree = "<group>"; };
		8498CB212086D591000354C0 /* Info.plist */ = {isa = PBXFileReference; lastKnownFileType = text.plist.xml; path = Info.plist; sourceTree = "<group>"; };
		8498CB3020870EF2000354C0 /* UIView+JYWScreen.h */ = {isa = PBXFileReference; lastKnownFileType = sourcecode.c.h; path = "UIView+JYWScreen.h"; sourceTree = "<group>"; };
		8498CB3120870EF2000354C0 /* UIView+JYWScreen.m */ = {isa = PBXFileReference; lastKnownFileType = sourcecode.c.objc; path = "UIView+JYWScreen.m"; sourceTree = "<group>"; };
		8498CB3320871FBB000354C0 /* TestView.h */ = {isa = PBXFileReference; lastKnownFileType = sourcecode.c.h; path = TestView.h; sourceTree = "<group>"; };
		8498CB3420871FBB000354C0 /* TestView.m */ = {isa = PBXFileReference; lastKnownFileType = sourcecode.c.objc; path = TestView.m; sourceTree = "<group>"; };
		8498CB39208839DB000354C0 /* TestCell.h */ = {isa = PBXFileReference; lastKnownFileType = sourcecode.c.h; path = TestCell.h; sourceTree = "<group>"; };
		8498CB3A208839DB000354C0 /* TestCell.m */ = {isa = PBXFileReference; lastKnownFileType = sourcecode.c.objc; path = TestCell.m; sourceTree = "<group>"; };
/* End PBXFileReference section */

/* Begin PBXFrameworksBuildPhase section */
		8498CAF52086D58D000354C0 /* Frameworks */ = {
			isa = PBXFrameworksBuildPhase;
			buildActionMask = 2147483647;
			files = (
			);
			runOnlyForDeploymentPostprocessing = 0;
		};
		8498CB0D2086D591000354C0 /* Frameworks */ = {
			isa = PBXFrameworksBuildPhase;
			buildActionMask = 2147483647;
			files = (
			);
			runOnlyForDeploymentPostprocessing = 0;
		};
		8498CB182086D591000354C0 /* Frameworks */ = {
			isa = PBXFrameworksBuildPhase;
			buildActionMask = 2147483647;
			files = (
			);
			runOnlyForDeploymentPostprocessing = 0;
		};
/* End PBXFrameworksBuildPhase section */

/* Begin PBXGroup section */
		8498CAEF2086D58D000354C0 = {
			isa = PBXGroup;
			children = (
				8498CAFA2086D58D000354C0 /* sizeClassDemo */,
				8498CB132086D591000354C0 /* sizeClassDemoTests */,
				8498CB1E2086D591000354C0 /* sizeClassDemoUITests */,
				8498CAF92086D58D000354C0 /* Products */,
			);
			sourceTree = "<group>";
		};
		8498CAF92086D58D000354C0 /* Products */ = {
			isa = PBXGroup;
			children = (
				8498CAF82086D58D000354C0 /* sizeClassDemo.app */,
				8498CB102086D591000354C0 /* sizeClassDemoTests.xctest */,
				8498CB1B2086D591000354C0 /* sizeClassDemoUITests.xctest */,
			);
			name = Products;
			sourceTree = "<group>";
		};
		8498CAFA2086D58D000354C0 /* sizeClassDemo */ = {
			isa = PBXGroup;
			children = (
				8498CAFB2086D58E000354C0 /* AppDelegate.h */,
				8498CAFC2086D58E000354C0 /* AppDelegate.m */,
				8498CAFE2086D58E000354C0 /* ViewController.h */,
				8498CAFF2086D58E000354C0 /* ViewController.m */,
				8498CB39208839DB000354C0 /* TestCell.h */,
				8498CB3A208839DB000354C0 /* TestCell.m */,
				8498CB3020870EF2000354C0 /* UIView+JYWScreen.h */,
				8498CB3120870EF2000354C0 /* UIView+JYWScreen.m */,
				8498CB012086D58E000354C0 /* Main.storyboard */,
				8498CB042086D591000354C0 /* Assets.xcassets */,
				8498CB062086D591000354C0 /* LaunchScreen.storyboard */,
				8498CB092086D591000354C0 /* Info.plist */,
				8498CB0A2086D591000354C0 /* main.m */,
				8498CB3320871FBB000354C0 /* TestView.h */,
				8498CB3420871FBB000354C0 /* TestView.m */,
			);
			path = sizeClassDemo;
			sourceTree = "<group>";
		};
		8498CB132086D591000354C0 /* sizeClassDemoTests */ = {
			isa = PBXGroup;
			children = (
				8498CB142086D591000354C0 /* sizeClassDemoTests.m */,
				8498CB162086D591000354C0 /* Info.plist */,
			);
			path = sizeClassDemoTests;
			sourceTree = "<group>";
		};
		8498CB1E2086D591000354C0 /* sizeClassDemoUITests */ = {
			isa = PBXGroup;
			children = (
				8498CB1F2086D591000354C0 /* sizeClassDemoUITests.m */,
				8498CB212086D591000354C0 /* Info.plist */,
			);
			path = sizeClassDemoUITests;
			sourceTree = "<group>";
		};
/* End PBXGroup section */

/* Begin PBXNativeTarget section */
		8498CAF72086D58D000354C0 /* sizeClassDemo */ = {
			isa = PBXNativeTarget;
			buildConfigurationList = 8498CB242086D591000354C0 /* Build configuration list for PBXNativeTarget "sizeClassDemo" */;
			buildPhases = (
				8498CAF42086D58D000354C0 /* Sources */,
				8498CAF52086D58D000354C0 /* Frameworks */,
				8498CAF62086D58D000354C0 /* Resources */,
			);
			buildRules = (
			);
			dependencies = (
			);
			name = sizeClassDemo;
			productName = sizeClassDemo;
			productReference = 8498CAF82086D58D000354C0 /* sizeClassDemo.app */;
			productType = "com.apple.product-type.application";
		};
		8498CB0F2086D591000354C0 /* sizeClassDemoTests */ = {
			isa = PBXNativeTarget;
			buildConfigurationList = 8498CB272086D591000354C0 /* Build configuration list for PBXNativeTarget "sizeClassDemoTests" */;
			buildPhases = (
				8498CB0C2086D591000354C0 /* Sources */,
				8498CB0D2086D591000354C0 /* Frameworks */,
				8498CB0E2086D591000354C0 /* Resources */,
			);
			buildRules = (
			);
			dependencies = (
				8498CB122086D591000354C0 /* PBXTargetDependency */,
			);
			name = sizeClassDemoTests;
			productName = sizeClassDemoTests;
			productReference = 8498CB102086D591000354C0 /* sizeClassDemoTests.xctest */;
			productType = "com.apple.product-type.bundle.unit-test";
		};
		8498CB1A2086D591000354C0 /* sizeClassDemoUITests */ = {
			isa = PBXNativeTarget;
			buildConfigurationList = 8498CB2A2086D591000354C0 /* Build configuration list for PBXNativeTarget "sizeClassDemoUITests" */;
			buildPhases = (
				8498CB172086D591000354C0 /* Sources */,
				8498CB182086D591000354C0 /* Frameworks */,
				8498CB192086D591000354C0 /* Resources */,
			);
			buildRules = (
			);
			dependencies = (
				8498CB1D2086D591000354C0 /* PBXTargetDependency */,
			);
			name = sizeClassDemoUITests;
			productName = sizeClassDemoUITests;
			productReference = 8498CB1B2086D591000354C0 /* sizeClassDemoUITests.xctest */;
			productType = "com.apple.product-type.bundle.ui-testing";
		};
/* End PBXNativeTarget section */

/* Begin PBXProject section */
		8498CAF02086D58D000354C0 /* Project object */ = {
			isa = PBXProject;
			attributes = {
				LastUpgradeCheck = 0930;
				ORGANIZATIONNAME = "居祎炜";
				TargetAttributes = {
					8498CAF72086D58D000354C0 = {
						CreatedOnToolsVersion = 9.3;
					};
					8498CB0F2086D591000354C0 = {
						CreatedOnToolsVersion = 9.3;
						TestTargetID = 8498CAF72086D58D000354C0;
					};
					8498CB1A2086D591000354C0 = {
						CreatedOnToolsVersion = 9.3;
						TestTargetID = 8498CAF72086D58D000354C0;
					};
				};
			};
			buildConfigurationList = 8498CAF32086D58D000354C0 /* Build configuration list for PBXProject "sizeClassDemo" */;
			compatibilityVersion = "Xcode 9.3";
			developmentRegion = en;
			hasScannedForEncodings = 0;
			knownRegions = (
				en,
				Base,
			);
			mainGroup = 8498CAEF2086D58D000354C0;
			productRefGroup = 8498CAF92086D58D000354C0 /* Products */;
			projectDirPath = "";
			projectRoot = "";
			targets = (
				8498CAF72086D58D000354C0 /* sizeClassDemo */,
				8498CB0F2086D591000354C0 /* sizeClassDemoTests */,
				8498CB1A2086D591000354C0 /* sizeClassDemoUITests */,
			);
		};
/* End PBXProject section */

/* Begin PBXResourcesBuildPhase section */
		8498CAF62086D58D000354C0 /* Resources */ = {
			isa = PBXResourcesBuildPhase;
			buildActionMask = 2147483647;
			files = (
				8498CB082086D591000354C0 /* LaunchScreen.storyboard in Resources */,
				8498CB052086D591000354C0 /* Assets.xcassets in Resources */,
				8498CB032086D58E000354C0 /* Main.storyboard in Resources */,
			);
			runOnlyForDeploymentPostprocessing = 0;
		};
		8498CB0E2086D591000354C0 /* Resources */ = {
			isa = PBXResourcesBuildPhase;
			buildActionMask = 2147483647;
			files = (
			);
			runOnlyForDeploymentPostprocessing = 0;
		};
		8498CB192086D591000354C0 /* Resources */ = {
			isa = PBXResourcesBuildPhase;
			buildActionMask = 2147483647;
			files = (
			);
			runOnlyForDeploymentPostprocessing = 0;
		};
/* End PBXResourcesBuildPhase section */

/* Begin PBXSourcesBuildPhase section */
		8498CAF42086D58D000354C0 /* Sources */ = {
			isa = PBXSourcesBuildPhase;
			buildActionMask = 2147483647;
			files = (
				8498CB3220870EF2000354C0 /* UIView+JYWScreen.m in Sources */,
				8498CB3B208839DB000354C0 /* TestCell.m in Sources */,
				8498CB002086D58E000354C0 /* ViewController.m in Sources */,
				8498CB3520871FBB000354C0 /* TestView.m in Sources */,
				8498CB0B2086D591000354C0 /* main.m in Sources */,
				8498CAFD2086D58E000354C0 /* AppDelegate.m in Sources */,
			);
			runOnlyForDeploymentPostprocessing = 0;
		};
		8498CB0C2086D591000354C0 /* Sources */ = {
			isa = PBXSourcesBuildPhase;
			buildActionMask = 2147483647;
			files = (
				8498CB152086D591000354C0 /* sizeClassDemoTests.m in Sources */,
			);
			runOnlyForDeploymentPostprocessing = 0;
		};
		8498CB172086D591000354C0 /* Sources */ = {
			isa = PBXSourcesBuildPhase;
			buildActionMask = 2147483647;
			files = (
				8498CB202086D591000354C0 /* sizeClassDemoUITests.m in Sources */,
			);
			runOnlyForDeploymentPostprocessing = 0;
		};
/* End PBXSourcesBuildPhase section */

/* Begin PBXTargetDependency section */
		8498CB122086D591000354C0 /* PBXTargetDependency */ = {
			isa = PBXTargetDependency;
			target = 8498CAF72086D58D000354C0 /* sizeClassDemo */;
			targetProxy = 8498CB112086D591000354C0 /* PBXContainerItemProxy */;
		};
		8498CB1D2086D591000354C0 /* PBXTargetDependency */ = {
			isa = PBXTargetDependency;
			target = 8498CAF72086D58D000354C0 /* sizeClassDemo */;
			targetProxy = 8498CB1C2086D591000354C0 /* PBXContainerItemProxy */;
		};
/* End PBXTargetDependency section */

/* Begin PBXVariantGroup section */
		8498CB012086D58E000354C0 /* Main.storyboard */ = {
			isa = PBXVariantGroup;
			children = (
				8498CB022086D58E000354C0 /* Base */,
			);
			name = Main.storyboard;
			sourceTree = "<group>";
		};
		8498CB062086D591000354C0 /* LaunchScreen.storyboard */ = {
			isa = PBXVariantGroup;
			children = (
				8498CB072086D591000354C0 /* Base */,
			);
			name = LaunchScreen.storyboard;
			sourceTree = "<group>";
		};
/* End PBXVariantGroup section */

/* Begin XCBuildConfiguration section */
		8498CB222086D591000354C0 /* Debug */ = {
			isa = XCBuildConfiguration;
			buildSettings = {
				ALWAYS_SEARCH_USER_PATHS = NO;
				CLANG_ANALYZER_NONNULL = YES;
				CLANG_ANALYZER_NUMBER_OBJECT_CONVERSION = YES_AGGRESSIVE;
				CLANG_CXX_LANGUAGE_STANDARD = "gnu++14";
				CLANG_CXX_LIBRARY = "libc++";
				CLANG_ENABLE_MODULES = YES;
				CLANG_ENABLE_OBJC_ARC = YES;
				CLANG_ENABLE_OBJC_WEAK = YES;
				CLANG_WARN_BLOCK_CAPTURE_AUTORELEASING = YES;
				CLANG_WARN_BOOL_CONVERSION = YES;
				CLANG_WARN_COMMA = YES;
				CLANG_WARN_CONSTANT_CONVERSION = YES;
				CLANG_WARN_DEPRECATED_OBJC_IMPLEMENTATIONS = YES;
				CLANG_WARN_DIRECT_OBJC_ISA_USAGE = YES_ERROR;
				CLANG_WARN_DOCUMENTATION_COMMENTS = YES;
				CLANG_WARN_EMPTY_BODY = YES;
				CLANG_WARN_ENUM_CONVERSION = YES;
				CLANG_WARN_INFINITE_RECURSION = YES;
				CLANG_WARN_INT_CONVERSION = YES;
				CLANG_WARN_NON_LITERAL_NULL_CONVERSION = YES;
				CLANG_WARN_OBJC_IMPLICIT_RETAIN_SELF = YES;
				CLANG_WARN_OBJC_LITERAL_CONVERSION = YES;
				CLANG_WARN_OBJC_ROOT_CLASS = YES_ERROR;
				CLANG_WARN_RANGE_LOOP_ANALYSIS = YES;
				CLANG_WARN_STRICT_PROTOTYPES = YES;
				CLANG_WARN_SUSPICIOUS_MOVE = YES;
				CLANG_WARN_UNGUARDED_AVAILABILITY = YES_AGGRESSIVE;
				CLANG_WARN_UNREACHABLE_CODE = YES;
				CLANG_WARN__DUPLICATE_METHOD_MATCH = YES;
				CODE_SIGN_IDENTITY = "iPhone Developer";
				COPY_PHASE_STRIP = NO;
				DEBUG_INFORMATION_FORMAT = dwarf;
				ENABLE_STRICT_OBJC_MSGSEND = YES;
				ENABLE_TESTABILITY = YES;
				GCC_C_LANGUAGE_STANDARD = gnu11;
				GCC_DYNAMIC_NO_PIC = NO;
				GCC_NO_COMMON_BLOCKS = YES;
				GCC_OPTIMIZATION_LEVEL = 0;
				GCC_PREPROCESSOR_DEFINITIONS = (
					"DEBUG=1",
					"$(inherited)",
				);
				GCC_WARN_64_TO_32_BIT_CONVERSION = YES;
				GCC_WARN_ABOUT_RETURN_TYPE = YES_ERROR;
				GCC_WARN_UNDECLARED_SELECTOR = YES;
				GCC_WARN_UNINITIALIZED_AUTOS = YES_AGGRESSIVE;
				GCC_WARN_UNUSED_FUNCTION = YES;
				GCC_WARN_UNUSED_VARIABLE = YES;
				IPHONEOS_DEPLOYMENT_TARGET = 11.3;
				MTL_ENABLE_DEBUG_INFO = YES;
				ONLY_ACTIVE_ARCH = YES;
				SDKROOT = iphoneos;
			};
			name = Debug;
		};
		8498CB232086D591000354C0 /* Release */ = {
			isa = XCBuildConfiguration;
			buildSettings = {
				ALWAYS_SEARCH_USER_PATHS = NO;
				CLANG_ANALYZER_NONNULL = YES;
				CLANG_ANALYZER_NUMBER_OBJECT_CONVERSION = YES_AGGRESSIVE;
				CLANG_CXX_LANGUAGE_STANDARD = "gnu++14";
				CLANG_CXX_LIBRARY = "libc++";
				CLANG_ENABLE_MODULES = YES;
				CLANG_ENABLE_OBJC_ARC = YES;
				CLANG_ENABLE_OBJC_WEAK = YES;
				CLANG_WARN_BLOCK_CAPTURE_AUTORELEASING = YES;
				CLANG_WARN_BOOL_CONVERSION = YES;
				CLANG_WARN_COMMA = YES;
				CLANG_WARN_CONSTANT_CONVERSION = YES;
				CLANG_WARN_DEPRECATED_OBJC_IMPLEMENTATIONS = YES;
				CLANG_WARN_DIRECT_OBJC_ISA_USAGE = YES_ERROR;
				CLANG_WARN_DOCUMENTATION_COMMENTS = YES;
				CLANG_WARN_EMPTY_BODY = YES;
				CLANG_WARN_ENUM_CONVERSION = YES;
				CLANG_WARN_INFINITE_RECURSION = YES;
				CLANG_WARN_INT_CONVERSION = YES;
				CLANG_WARN_NON_LITERAL_NULL_CONVERSION = YES;
				CLANG_WARN_OBJC_IMPLICIT_RETAIN_SELF = YES;
				CLANG_WARN_OBJC_LITERAL_CONVERSION = YES;
				CLANG_WARN_OBJC_ROOT_CLASS = YES_ERROR;
				CLANG_WARN_RANGE_LOOP_ANALYSIS = YES;
				CLANG_WARN_STRICT_PROTOTYPES = YES;
				CLANG_WARN_SUSPICIOUS_MOVE = YES;
				CLANG_WARN_UNGUARDED_AVAILABILITY = YES_AGGRESSIVE;
				CLANG_WARN_UNREACHABLE_CODE = YES;
				CLANG_WARN__DUPLICATE_METHOD_MATCH = YES;
				CODE_SIGN_IDENTITY = "iPhone Developer";
				COPY_PHASE_STRIP = NO;
				DEBUG_INFORMATION_FORMAT = "dwarf-with-dsym";
				ENABLE_NS_ASSERTIONS = NO;
				ENABLE_STRICT_OBJC_MSGSEND = YES;
				GCC_C_LANGUAGE_STANDARD = gnu11;
				GCC_NO_COMMON_BLOCKS = YES;
				GCC_WARN_64_TO_32_BIT_CONVERSION = YES;
				GCC_WARN_ABOUT_RETURN_TYPE = YES_ERROR;
				GCC_WARN_UNDECLARED_SELECTOR = YES;
				GCC_WARN_UNINITIALIZED_AUTOS = YES_AGGRESSIVE;
				GCC_WARN_UNUSED_FUNCTION = YES;
				GCC_WARN_UNUSED_VARIABLE = YES;
				IPHONEOS_DEPLOYMENT_TARGET = 11.3;
				MTL_ENABLE_DEBUG_INFO = NO;
				SDKROOT = iphoneos;
				VALIDATE_PRODUCT = YES;
			};
			name = Release;
		};
		8498CB252086D591000354C0 /* Debug */ = {
			isa = XCBuildConfiguration;
			buildSettings = {
				ASSETCATALOG_COMPILER_APPICON_NAME = AppIcon;
				CODE_SIGN_STYLE = Automatic;
				DEVELOPMENT_TEAM = TZUL3JZQ3E;
				INFOPLIST_FILE = sizeClassDemo/Info.plist;
				IPHONEOS_DEPLOYMENT_TARGET = 11.3;
				LD_RUNPATH_SEARCH_PATHS = (
					"$(inherited)",
					"@executable_path/Frameworks",
				);
				PRODUCT_BUNDLE_IDENTIFIER = com.juyiwei.sizeClassDemo;
				PRODUCT_NAME = "$(TARGET_NAME)";
				TARGETED_DEVICE_FAMILY = "1,2";
			};
			name = Debug;
		};
		8498CB262086D591000354C0 /* Release */ = {
			isa = XCBuildConfiguration;
			buildSettings = {
				ASSETCATALOG_COMPILER_APPICON_NAME = AppIcon;
				CODE_SIGN_STYLE = Automatic;
				DEVELOPMENT_TEAM = TZUL3JZQ3E;
				INFOPLIST_FILE = sizeClassDemo/Info.plist;
				IPHONEOS_DEPLOYMENT_TARGET = 11.3;
				LD_RUNPATH_SEARCH_PATHS = (
					"$(inherited)",
					"@executable_path/Frameworks",
				);
				PRODUCT_BUNDLE_IDENTIFIER = com.juyiwei.sizeClassDemo;
				PRODUCT_NAME = "$(TARGET_NAME)";
				TARGETED_DEVICE_FAMILY = "1,2";
			};
			name = Release;
		};
		8498CB282086D591000354C0 /* Debug */ = {
			isa = XCBuildConfiguration;
			buildSettings = {
				BUNDLE_LOADER = "$(TEST_HOST)";
				CODE_SIGN_STYLE = Automatic;
				DEVELOPMENT_TEAM = TZUL3JZQ3E;
				INFOPLIST_FILE = sizeClassDemoTests/Info.plist;
				LD_RUNPATH_SEARCH_PATHS = (
					"$(inherited)",
					"@executable_path/Frameworks",
					"@loader_path/Frameworks",
				);
				PRODUCT_BUNDLE_IDENTIFIER = com.juyiwei.sizeClassDemoTests;
				PRODUCT_NAME = "$(TARGET_NAME)";
				TARGETED_DEVICE_FAMILY = "1,2";
				TEST_HOST = "$(BUILT_PRODUCTS_DIR)/sizeClassDemo.app/sizeClassDemo";
			};
			name = Debug;
		};
		8498CB292086D591000354C0 /* Release */ = {
			isa = XCBuildConfiguration;
			buildSettings = {
				BUNDLE_LOADER = "$(TEST_HOST)";
				CODE_SIGN_STYLE = Automatic;
				DEVELOPMENT_TEAM = TZUL3JZQ3E;
				INFOPLIST_FILE = sizeClassDemoTests/Info.plist;
				LD_RUNPATH_SEARCH_PATHS = (
					"$(inherited)",
					"@executable_path/Frameworks",
					"@loader_path/Frameworks",
				);
				PRODUCT_BUNDLE_IDENTIFIER = com.juyiwei.sizeClassDemoTests;
				PRODUCT_NAME = "$(TARGET_NAME)";
				TARGETED_DEVICE_FAMILY = "1,2";
				TEST_HOST = "$(BUILT_PRODUCTS_DIR)/sizeClassDemo.app/sizeClassDemo";
			};
			name = Release;
		};
		8498CB2B2086D591000354C0 /* Debug */ = {
			isa = XCBuildConfiguration;
			buildSettings = {
				CODE_SIGN_STYLE = Automatic;
				DEVELOPMENT_TEAM = TZUL3JZQ3E;
				INFOPLIST_FILE = sizeClassDemoUITests/Info.plist;
				LD_RUNPATH_SEARCH_PATHS = (
					"$(inherited)",
					"@executable_path/Frameworks",
					"@loader_path/Frameworks",
				);
				PRODUCT_BUNDLE_IDENTIFIER = com.juyiwei.sizeClassDemoUITests;
				PRODUCT_NAME = "$(TARGET_NAME)";
				TARGETED_DEVICE_FAMILY = "1,2";
				TEST_TARGET_NAME = sizeClassDemo;
			};
			name = Debug;
		};
		8498CB2C2086D591000354C0 /* Release */ = {
			isa = XCBuildConfiguration;
			buildSettings = {
				CODE_SIGN_STYLE = Automatic;
				DEVELOPMENT_TEAM = TZUL3JZQ3E;
				INFOPLIST_FILE = sizeClassDemoUITests/Info.plist;
				LD_RUNPATH_SEARCH_PATHS = (
					"$(inherited)",
					"@executable_path/Frameworks",
					"@loader_path/Frameworks",
				);
				PRODUCT_BUNDLE_IDENTIFIER = com.juyiwei.sizeClassDemoUITests;
				PRODUCT_NAME = "$(TARGET_NAME)";
				TARGETED_DEVICE_FAMILY = "1,2";
				TEST_TARGET_NAME = sizeClassDemo;
			};
			name = Release;
		};
/* End XCBuildConfiguration section */

/* Begin XCConfigurationList section */
		8498CAF32086D58D000354C0 /* Build configuration list for PBXProject "sizeClassDemo" */ = {
			isa = XCConfigurationList;
			buildConfigurations = (
				8498CB222086D591000354C0 /* Debug */,
				8498CB232086D591000354C0 /* Release */,
			);
			defaultConfigurationIsVisible = 0;
			defaultConfigurationName = Release;
		};
		8498CB242086D591000354C0 /* Build configuration list for PBXNativeTarget "sizeClassDemo" */ = {
			isa = XCConfigurationList;
			buildConfigurations = (
				8498CB252086D591000354C0 /* Debug */,
				8498CB262086D591000354C0 /* Release */,
			);
			defaultConfigurationIsVisible = 0;
			defaultConfigurationName = Release;
		};
		8498CB272086D591000354C0 /* Build configuration list for PBXNativeTarget "sizeClassDemoTests" */ = {
			isa = XCConfigurationList;
			buildConfigurations = (
				8498CB282086D591000354C0 /* Debug */,
				8498CB292086D591000354C0 /* Release */,
			);
			defaultConfigurationIsVisible = 0;
			defaultConfigurationName = Release;
		};
		8498CB2A2086D591000354C0 /* Build configuration list for PBXNativeTarget "sizeClassDemoUITests" */ = {
			isa = XCConfigurationList;
			buildConfigurations = (
				8498CB2B2086D591000354C0 /* Debug */,
				8498CB2C2086D591000354C0 /* Release */,
			);
			defaultConfigurationIsVisible = 0;
			defaultConfigurationName = Release;
		};
/* End XCConfigurationList section */
	};
	rootObject = 8498CAF02086D58D000354C0 /* Project object */;
}
